{
    "_meta": {
        "hash": {
            "sha256": "a589aef72f6fe4c7a4374da23328b83e9acc8bf6c2d9361fcbc2fb5246f2536a"
        },
        "pipfile-spec": 6,
        "requires": {
            "python_version": "3.6"
        },
        "sources": [
            {
                "name": "pypi",
                "url": "https://pypi.python.org/simple",
                "verify_ssl": true
            }
        ]
    },
    "default": {
        "argparse": {
            "hashes": [
                "sha256:62b089a55be1d8949cd2bc7e0df0bddb9e028faefc8c32038cc84862aefdd6e4",
                "sha256:c31647edb69fd3d465a847ea3157d37bed1f95f19760b11a47aa91c04b666314"
            ],
            "markers": "python_version == '2.6'",
            "version": "==1.4.0"
        },
        "backports.shutil-get-terminal-size": {
            "hashes": [
                "sha256:0975ba55054c15e346944b38956a4c9cbee9009391e41b86c68990effb8c1f64",
                "sha256:713e7a8228ae80341c70586d1cc0a8caa5207346927e23d09dcbcaf18eadec80"
            ],
            "markers": "python_version == '2.6'",
            "version": "==1.0.0"
        },
        "e1839a8": {
            "editable": true,
            "path": "."
        },
        "pathlib": {
            "hashes": [
                "sha256:6940718dfc3eff4258203ad5021090933e5c04707d5ca8cc9e73c94a7894ea9f"
            ],
            "markers": "python_version == '2.6'",
            "version": "==1.0.1"
        },
        "pew": {
            "hashes": [
                "sha256:a5256586e169199cb2213225261b6bdd7b657c309dcf4a02b61994308b313d4d",
                "sha256:b8312728526c9010295c88215c95a1b1731fdbd1a568f728e069932bd0545611"
            ],
            "version": "==1.1.2"
        },
        "pipenv": {
            "hashes": [
                "sha256:0796cb5078b00a26b9332a87ed137efa0c21e585dbf945d5943022e9b35e1663"
            ],
            "version": "==11.0.2"
        },
        "pluggy": {
            "hashes": [
                "sha256:7f8ae7f5bdf75671a718d2daf0a64b7885f74510bcd98b1a0bb420eb9a9d0cff"
            ],
            "version": "==0.6.0"
        },
        "psutil": {
            "hashes": [
                "sha256:12dd9c8abbad15f055e9579130035b38617020ce176f4a498b7870e6321ffa67",
                "sha256:27d4c5ff3ab97389a9372d246e1aa27e5f02e4709fede48a0599f89d2873ca88",
                "sha256:54781e463d9b9aa8c143033ee0d6a3149f9f143e6cc63099a95d4078f433dd56",
                "sha256:57be53c045f2085e28d5371eedfce804f5e49e7b35fa79bcf63e271046058002",
                "sha256:72ba7e4c82879b3781ccced1eeb901f07725a36fab66270e7555e484a460760d",
                "sha256:773ba33fe365cb8b0998eedcbe494dc92ce7428998f07dca652a1360a9e2bce8",
                "sha256:7a669b1897b8cdce1cea79defdf3a10fd6e4f0a8e42ac2a971dfe74bc1ce5679",
                "sha256:7b1f9856c2fc9503a8a687db85e4f419ad1a10bfcab92ba786a7d43a6aa8cea0",
                "sha256:e9ef8d265298268cad784dfece103ab06bd726512d57fc6ed9f94b55452e4571",
                "sha256:f5d55618cd5b9270355fb52c0430ff30c4c84c5caf5b1254eec27f80d48e7a12",
                "sha256:fc11c3a52990ec44064cbe026338dedcfff0e0027ca7516416eaa7d4f206c5af"
            ],
            "markers": "sys_platform == 'win32'",
            "version": "==5.3.1"
        },
        "py": {
            "hashes": [
                "sha256:8cca5c229d225f8c1e3085be4fcf306090b00850fefad892f9d96c7b6e2f310f",
                "sha256:ca18943e28235417756316bfada6cd96b23ce60dd532642690dcfdaba988a76d"
            ],
            "version": "==1.5.2"
        },
        "shutilwhich": {
            "hashes": [
                "sha256:db1f39c6461e42f630fa617bb8c79090f7711c9ca493e615e43d0610ecb64dc6"
            ],
            "markers": "python_version == '2.6'",
            "version": "==1.1.0"
        },
        "six": {
            "hashes": [
                "sha256:70e8a77beed4562e7f14fe23a786b54f6296e34344c23bc42f07b15018ff98e9",
                "sha256:832dc0e10feb1aa2c68dcc57dbb658f1c7e65b9b61af69048abc87a2db00a0eb"
            ],
            "version": "==1.11.0"
        },
        "tox": {
            "hashes": [
                "sha256:752f5ec561c6c08c5ecb167d3b20f4f4ffc158c0ab78855701a75f5cef05f4b8",
                "sha256:8af30fd835a11f3ff8e95176ccba5a4e60779df4d96a9dfefa1a1704af263225"
            ],
            "version": "==2.9.1"
        },
        "tox-pipenv": {
            "hashes": [
                "sha256:8cd5f588f91e67fb33f85f4da789a7bb0060f709e79cc1203e19de08209e56bf",
                "sha256:a7044787f3780b3d8e47bd45a6b3371e0e0ab02a77c7ca33788f7532c3ebd49f"
            ],
            "version": "==1.4.0"
        },
        "virtualenv": {
            "hashes": [
                "sha256:02f8102c2436bb03b3ee6dede1919d1dac8a427541652e5ec95171ec8adbc93a",
                "sha256:39d88b533b422825d644087a21e78c45cf5af0ef7a99a1fc9fbb7b481e5c85b0"
            ],
            "version": "==15.1.0"
        },
        "virtualenv-clone": {
            "hashes": [
                "sha256:4507071d81013fd03ea9930ec26bc8648b997927a11fa80e8ee81198b57e0ac7",
                "sha256:b5cfe535d14dc68dfc1d1bb4ac1209ea28235b91156e2bba8e250d291c3fb4f8"
            ],
            "version": "==0.3.0"
        }
    },
    "develop": {}
}
